<?xml version="1.0" encoding="UTF-8" standalone="yes" ?>
<CodeBlocks_project_file>
	<FileVersion major="1" minor="6" />
	<Project>
		<Option title="WSN_Protocol_FW" />
		<Option pch_mode="2" />
		<Option compiler="avrgcc" />
		<Build>
			<Target title="Debug">
				<Option output="bin\Debug\WSN_Protocol_FW.elf" prefix_auto="1" extension_auto="0" />
				<Option object_output="obj\Debug\" />
				<Option type="1" />
				<Option compiler="avrgcc" />
				<Compiler>
					<Add option="-g" />
				</Compiler>
			</Target>
			<Target title="Release">
				<Option output="bin\Release\WSN_Protocol_FW.elf" prefix_auto="1" extension_auto="0" />
				<Option object_output="obj\Release\" />
				<Option type="1" />
				<Option compiler="avrgcc" />
				<Compiler>
					<Add option="-Os" />
					<Add option="-O2" />
				</Compiler>
			</Target>
		</Build>
		<Compiler>
			<Add option="-mmcu=atmega8" />
			<Add option="-Wall" />
			<Add option="-DF_CPU=1000000UL" />
		</Compiler>
		<Linker>
			<Add option="-mmcu=atmega8" />
			<Add option="-Wl,-Map=$(TARGET_OUTPUT_FILE).map,--cref" />
		</Linker>
		<ExtraCommands>
			<Add after="avr-size --mcu=atmega8 --format=avr $(TARGET_OUTPUT_FILE)" />
			<Add after="avr-objcopy -O ihex -R .eeprom -R .eesafe $(TARGET_OUTPUT_FILE) $(TARGET_OUTPUT_FILE).hex" />
			<Add after="avr-objcopy --no-change-warnings -j .eeprom --change-section-lma .eeprom=0 -O ihex $(TARGET_OUTPUT_FILE) $(TARGET_OUTPUT_FILE).eep.hex" />
			<Add after='cmd /c &quot;avr-objdump -h -S $(TARGET_OUTPUT_FILE) &gt; $(TARGET_OUTPUT_FILE).lss&quot;' />
		</ExtraCommands>
		<Unit filename="USART.c">
			<Option compilerVar="CC" />
		</Unit>
		<Unit filename="USART.h" />
		<Unit filename="bitops.h" />
		<Unit filename="config.h" />
		<Unit filename="initialization.c">
			<Option compilerVar="CC" />
		</Unit>
		<Unit filename="initialization.h" />
		<Unit filename="main.c">
			<Option compilerVar="CC" />
		</Unit>
		<Unit filename="protocol_low.c">
			<Option compilerVar="CC" />
		</Unit>
		<Unit filename="rfm70.c">
			<Option compilerVar="CC" />
		</Unit>
		<Unit filename="rfm70.h" />
		<Unit filename="spi.c">
			<Option compilerVar="CC" />
		</Unit>
		<Unit filename="spi.h" />
		<Unit filename="therm_ds18b20.c">
			<Option compilerVar="CC" />
		</Unit>
		<Unit filename="therm_ds18b20.h" />
		<Unit filename="timers.c">
			<Option compilerVar="CC" />
		</Unit>
		<Unit filename="timers.h" />
		<Extensions>
			<code_completion />
			<debugger />
		</Extensions>
	</Project>
</CodeBlocks_project_file>
